
Microsoft Visual Studio Solution File, Format Version 12.00
# Visual Studio Version 17
VisualStudioVersion = 17.0.31903.59
MinimumVisualStudioVersion = 10.0.40219.1
Project("{9A19103F-16F7-4668-BE54-9A1E7A4F7556}") = "ExerciseApi", "ExerciseApi.csproj", "{C485E618-16F5-4103-A017-746AA12B9C30}"
EndProject
Project("{9A19103F-16F7-4668-BE54-9A1E7A4F7556}") = "ExternalPackage.DAO", "..\ExternalPackage.DAO\ExternalPackage.DAO.csproj", "{0A6819F5-A5D1-4896-89DA-79682C2AB5FB}"
EndProject
Project("{9A19103F-16F7-4668-BE54-9A1E7A4F7556}") = "ExternalPackage.DataAccess", "..\ExternalPackage.DataAccess\ExternalPackage.DataAccess.csproj", "{09676C1C-4A77-4789-8128-CD73794313FB}"
EndProject
Global
	GlobalSection(SolutionConfigurationPlatforms) = preSolution
		Debug|Any CPU = Debug|Any CPU
		Release|Any CPU = Release|Any CPU
	EndGlobalSection
	GlobalSection(ProjectConfigurationPlatforms) = postSolution
		{C485E618-16F5-4103-A017-746AA12B9C30}.Debug|Any CPU.ActiveCfg = Debug|Any CPU
		{C485E618-16F5-4103-A017-746AA12B9C30}.Debug|Any CPU.Build.0 = Debug|Any CPU
		{C485E618-16F5-4103-A017-746AA12B9C30}.Release|Any CPU.ActiveCfg = Release|Any CPU
		{C485E618-16F5-4103-A017-746AA12B9C30}.Release|Any CPU.Build.0 = Release|Any CPU
		{0A6819F5-A5D1-4896-89DA-79682C2AB5FB}.Debug|Any CPU.ActiveCfg = Debug|Any CPU
		{0A6819F5-A5D1-4896-89DA-79682C2AB5FB}.Debug|Any CPU.Build.0 = Debug|Any CPU
		{0A6819F5-A5D1-4896-89DA-79682C2AB5FB}.Release|Any CPU.ActiveCfg = Release|Any CPU
		{0A6819F5-A5D1-4896-89DA-79682C2AB5FB}.Release|Any CPU.Build.0 = Release|Any CPU
		{09676C1C-4A77-4789-8128-CD73794313FB}.Debug|Any CPU.ActiveCfg = Debug|Any CPU
		{09676C1C-4A77-4789-8128-CD73794313FB}.Debug|Any CPU.Build.0 = Debug|Any CPU
		{09676C1C-4A77-4789-8128-CD73794313FB}.Release|Any CPU.ActiveCfg = Release|Any CPU
		{09676C1C-4A77-4789-8128-CD73794313FB}.Release|Any CPU.Build.0 = Release|Any CPU
	EndGlobalSection
	GlobalSection(SolutionProperties) = preSolution
		HideSolutionNode = FALSE
	EndGlobalSection
	GlobalSection(ExtensibilityGlobals) = postSolution
		SolutionGuid = {D4AD555B-79AF-4E43-84CE-1333366B6414}
	EndGlobalSection
EndGlobal
